// !$*UTF8*$!
{
	archiveVersion = 1;
	classes = {
	};
	objectVersion = 56;
	objects = {

/* Begin PBXBuildFile section */
		2C16B7F888C727B4AB86B091 /* Pods_sastreilor_sastreilorUITests.framework in Frameworks */ = {isa = PBXBuildFile; fileRef = FD92BECC9426D3DB739BF5FA /* Pods_sastreilor_sastreilorUITests.framework */; };
		45C55408071CD2A948DE6043 /* Pods_sastreilorTests.framework in Frameworks */ = {isa = PBXBuildFile; fileRef = DAE00E0D1776793182E89CAF /* Pods_sastreilorTests.framework */; };
		BD0652AC293B816D0017D958 /* AppDelegate.swift in Sources */ = {isa = PBXBuildFile; fileRef = BD0652AB293B816D0017D958 /* AppDelegate.swift */; };
		BD0652AE293B816D0017D958 /* SceneDelegate.swift in Sources */ = {isa = PBXBuildFile; fileRef = BD0652AD293B816D0017D958 /* SceneDelegate.swift */; };
		BD0652B0293B816D0017D958 /* ViewController.swift in Sources */ = {isa = PBXBuildFile; fileRef = BD0652AF293B816D0017D958 /* ViewController.swift */; };
		BD0652B3293B816D0017D958 /* Main.storyboard in Resources */ = {isa = PBXBuildFile; fileRef = BD0652B1293B816D0017D958 /* Main.storyboard */; };
		BD0652B5293B81700017D958 /* Assets.xcassets in Resources */ = {isa = PBXBuildFile; fileRef = BD0652B4293B81700017D958 /* Assets.xcassets */; };
		BD0652B8293B81700017D958 /* LaunchScreen.storyboard in Resources */ = {isa = PBXBuildFile; fileRef = BD0652B6293B81700017D958 /* LaunchScreen.storyboard */; };
		BD0652C3293B81700017D958 /* sastreilorTests.swift in Sources */ = {isa = PBXBuildFile; fileRef = BD0652C2293B81700017D958 /* sastreilorTests.swift */; };
		BD0652CD293B81700017D958 /* sastreilorUITests.swift in Sources */ = {isa = PBXBuildFile; fileRef = BD0652CC293B81700017D958 /* sastreilorUITests.swift */; };
		BD0652CF293B81700017D958 /* sastreilorUITestsLaunchTests.swift in Sources */ = {isa = PBXBuildFile; fileRef = BD0652CE293B81700017D958 /* sastreilorUITestsLaunchTests.swift */; };
		BD0652DD293CE7260017D958 /* FirebaseAnalytics in Frameworks */ = {isa = PBXBuildFile; productRef = BD0652DC293CE7260017D958 /* FirebaseAnalytics */; };
		BD0652DF293CE7260017D958 /* FirebaseAnalyticsSwift in Frameworks */ = {isa = PBXBuildFile; productRef = BD0652DE293CE7260017D958 /* FirebaseAnalyticsSwift */; };
		BD0652E1293CE7260017D958 /* FirebaseAuth in Frameworks */ = {isa = PBXBuildFile; productRef = BD0652E0293CE7260017D958 /* FirebaseAuth */; };
		BD0652E3293CE7260017D958 /* FirebaseAuthCombine-Community in Frameworks */ = {isa = PBXBuildFile; productRef = BD0652E2293CE7260017D958 /* FirebaseAuthCombine-Community */; };
		BD0652E5293CE7260017D958 /* FirebaseCrashlytics in Frameworks */ = {isa = PBXBuildFile; productRef = BD0652E4293CE7260017D958 /* FirebaseCrashlytics */; };
		BD0652E7293CE7260017D958 /* FirebaseDatabase in Frameworks */ = {isa = PBXBuildFile; productRef = BD0652E6293CE7260017D958 /* FirebaseDatabase */; };
		BD0652E9293CE7260017D958 /* FirebaseDatabaseSwift in Frameworks */ = {isa = PBXBuildFile; productRef = BD0652E8293CE7260017D958 /* FirebaseDatabaseSwift */; };
		BD0652EB293CE7260017D958 /* FirebaseFirestore in Frameworks */ = {isa = PBXBuildFile; productRef = BD0652EA293CE7260017D958 /* FirebaseFirestore */; };
		BD0652ED293CE7260017D958 /* FirebaseFirestoreSwift in Frameworks */ = {isa = PBXBuildFile; productRef = BD0652EC293CE7260017D958 /* FirebaseFirestoreSwift */; };
		BD0652EF293CE7260017D958 /* FirebaseFunctions in Frameworks */ = {isa = PBXBuildFile; productRef = BD0652EE293CE7260017D958 /* FirebaseFunctions */; };
		BD0652F1293CE7260017D958 /* FirebaseMLModelDownloader in Frameworks */ = {isa = PBXBuildFile; productRef = BD0652F0293CE7260017D958 /* FirebaseMLModelDownloader */; };
		BD0652F3293CE7260017D958 /* FirebaseRemoteConfigSwift in Frameworks */ = {isa = PBXBuildFile; productRef = BD0652F2293CE7260017D958 /* FirebaseRemoteConfigSwift */; };
		BD0652F5293CE7260017D958 /* FirebaseStorage in Frameworks */ = {isa = PBXBuildFile; productRef = BD0652F4293CE7260017D958 /* FirebaseStorage */; };
		BD0652F8293CE8BF0017D958 /* SignInVC.swift in Sources */ = {isa = PBXBuildFile; fileRef = BD0652F7293CE8BF0017D958 /* SignInVC.swift */; };
		BD0652FA293CE9C30017D958 /* SignUpVC.swift in Sources */ = {isa = PBXBuildFile; fileRef = BD0652F9293CE9C30017D958 /* SignUpVC.swift */; };
		BD0652FC293CFD4B0017D958 /* GoogleService-Info.plist in Resources */ = {isa = PBXBuildFile; fileRef = BD0652FB293CFD4B0017D958 /* GoogleService-Info.plist */; };
		BD0652FF29435B7A0017D958 /* Utilities.swift in Sources */ = {isa = PBXBuildFile; fileRef = BD0652FE29435B7A0017D958 /* Utilities.swift */; };
		BD0653012944012A0017D958 /* DashboardVC.swift in Sources */ = {isa = PBXBuildFile; fileRef = BD0653002944012A0017D958 /* DashboardVC.swift */; };
		BD0653042944B2EE0017D958 /* measurementsVC.swift in Sources */ = {isa = PBXBuildFile; fileRef = BD0653032944B2EE0017D958 /* measurementsVC.swift */; };
		BD0653062944B60C0017D958 /* toDoVC.swift in Sources */ = {isa = PBXBuildFile; fileRef = BD0653052944B60C0017D958 /* toDoVC.swift */; };
		BD0653082944B8A30017D958 /* calendarVC.swift in Sources */ = {isa = PBXBuildFile; fileRef = BD0653072944B8A30017D958 /* calendarVC.swift */; };
		BD06530A294625720017D958 /* ProfileVC.swift in Sources */ = {isa = PBXBuildFile; fileRef = BD065309294625720017D958 /* ProfileVC.swift */; };
		BD06530D29468BE30017D958 /* DashboardCell.swift in Sources */ = {isa = PBXBuildFile; fileRef = BD06530C29468BE30017D958 /* DashboardCell.swift */; };
		BD121820294E8937005652A3 /* MeasurementCell.swift in Sources */ = {isa = PBXBuildFile; fileRef = BD12181F294E8937005652A3 /* MeasurementCell.swift */; };
		BD2F7AC22984CA2E0065BE37 /* MeasurementForm.swift in Sources */ = {isa = PBXBuildFile; fileRef = BD2F7AC12984CA2E0065BE37 /* MeasurementForm.swift */; };
		BDA0610B2983FE6A0067639E /* MycustomButton.swift in Sources */ = {isa = PBXBuildFile; fileRef = BDA0610A2983FE6A0067639E /* MycustomButton.swift */; };
		BDA437B3297A05EA009F0614 /* Colors.swift in Sources */ = {isa = PBXBuildFile; fileRef = BDA437B2297A05EA009F0614 /* Colors.swift */; };
		BDA437B5297A2ECD009F0614 /* tableViewCellModel.swift in Sources */ = {isa = PBXBuildFile; fileRef = BDA437B4297A2ECD009F0614 /* tableViewCellModel.swift */; };
		BDA437B7297A30F5009F0614 /* CollectionViewCellModel.swift in Sources */ = {isa = PBXBuildFile; fileRef = BDA437B6297A30F5009F0614 /* CollectionViewCellModel.swift */; };
		BDAB4DA9294B208700803B67 /* Localizable.strings in Resources */ = {isa = PBXBuildFile; fileRef = BDAB4DAB294B208700803B67 /* Localizable.strings */; };
		BDDBC5FF295DEFC100D28203 /* TakeMeasurementVC.swift in Sources */ = {isa = PBXBuildFile; fileRef = BDDBC5FE295DEFC100D28203 /* TakeMeasurementVC.swift */; };
		BDDBC601295F34E600D28203 /* DasboardCollectionCell.swift in Sources */ = {isa = PBXBuildFile; fileRef = BDDBC600295F34E600D28203 /* DasboardCollectionCell.swift */; };
		BDDBC603295F55E900D28203 /* DashboardButtonCell.swift in Sources */ = {isa = PBXBuildFile; fileRef = BDDBC602295F55E900D28203 /* DashboardButtonCell.swift */; };
		D8C4209032177931EEB9221B /* Pods_sastreilor.framework in Frameworks */ = {isa = PBXBuildFile; fileRef = 7F63BBABAAEB7DBC2C42F6ED /* Pods_sastreilor.framework */; };
/* End PBXBuildFile section */

/* Begin PBXContainerItemProxy section */
		BD0652BF293B81700017D958 /* PBXContainerItemProxy */ = {
			isa = PBXContainerItemProxy;
			containerPortal = BD0652A0293B816D0017D958 /* Project object */;
			proxyType = 1;
			remoteGlobalIDString = BD0652A7293B816D0017D958;
			remoteInfo = sastreilor;
		};
		BD0652C9293B81700017D958 /* PBXContainerItemProxy */ = {
			isa = PBXContainerItemProxy;
			containerPortal = BD0652A0293B816D0017D958 /* Project object */;
			proxyType = 1;
			remoteGlobalIDString = BD0652A7293B816D0017D958;
			remoteInfo = sastreilor;
		};
/* End PBXContainerItemProxy section */

/* Begin PBXFileReference section */
		2A64E07AF9D2F2F5CBE6FAE8 /* Pods-sastreilor-sastreilorUITests.release.xcconfig */ = {isa = PBXFileReference; includeInIndex = 1; lastKnownFileType = text.xcconfig; name = "Pods-sastreilor-sastreilorUITests.release.xcconfig"; path = "Target Support Files/Pods-sastreilor-sastreilorUITests/Pods-sastreilor-sastreilorUITests.release.xcconfig"; sourceTree = "<group>"; };
		4C851C7C08153839EF1D0D41 /* Pods-sastreilorTests.release.xcconfig */ = {isa = PBXFileReference; includeInIndex = 1; lastKnownFileType = text.xcconfig; name = "Pods-sastreilorTests.release.xcconfig"; path = "Target Support Files/Pods-sastreilorTests/Pods-sastreilorTests.release.xcconfig"; sourceTree = "<group>"; };
		6B76E7878E63375AFE7DBDA1 /* Pods-sastreilor-sastreilorUITests.debug.xcconfig */ = {isa = PBXFileReference; includeInIndex = 1; lastKnownFileType = text.xcconfig; name = "Pods-sastreilor-sastreilorUITests.debug.xcconfig"; path = "Target Support Files/Pods-sastreilor-sastreilorUITests/Pods-sastreilor-sastreilorUITests.debug.xcconfig"; sourceTree = "<group>"; };
		7F63BBABAAEB7DBC2C42F6ED /* Pods_sastreilor.framework */ = {isa = PBXFileReference; explicitFileType = wrapper.framework; includeInIndex = 0; path = Pods_sastreilor.framework; sourceTree = BUILT_PRODUCTS_DIR; };
		AA06B7E2E341FB8D41FC2C13 /* Pods-sastreilor.debug.xcconfig */ = {isa = PBXFileReference; includeInIndex = 1; lastKnownFileType = text.xcconfig; name = "Pods-sastreilor.debug.xcconfig"; path = "Target Support Files/Pods-sastreilor/Pods-sastreilor.debug.xcconfig"; sourceTree = "<group>"; };
		BD0652A8293B816D0017D958 /* sastreilor.app */ = {isa = PBXFileReference; explicitFileType = wrapper.application; includeInIndex = 0; path = sastreilor.app; sourceTree = BUILT_PRODUCTS_DIR; };
		BD0652AB293B816D0017D958 /* AppDelegate.swift */ = {isa = PBXFileReference; lastKnownFileType = sourcecode.swift; path = AppDelegate.swift; sourceTree = "<group>"; };
		BD0652AD293B816D0017D958 /* SceneDelegate.swift */ = {isa = PBXFileReference; lastKnownFileType = sourcecode.swift; path = SceneDelegate.swift; sourceTree = "<group>"; };
		BD0652AF293B816D0017D958 /* ViewController.swift */ = {isa = PBXFileReference; lastKnownFileType = sourcecode.swift; path = ViewController.swift; sourceTree = "<group>"; };
		BD0652B2293B816D0017D958 /* Base */ = {isa = PBXFileReference; lastKnownFileType = file.storyboard; name = Base; path = Base.lproj/Main.storyboard; sourceTree = "<group>"; };
		BD0652B4293B81700017D958 /* Assets.xcassets */ = {isa = PBXFileReference; lastKnownFileType = folder.assetcatalog; path = Assets.xcassets; sourceTree = "<group>"; };
		BD0652B7293B81700017D958 /* Base */ = {isa = PBXFileReference; lastKnownFileType = file.storyboard; name = Base; path = Base.lproj/LaunchScreen.storyboard; sourceTree = "<group>"; };
		BD0652B9293B81700017D958 /* Info.plist */ = {isa = PBXFileReference; lastKnownFileType = text.plist.xml; path = Info.plist; sourceTree = "<group>"; };
		BD0652BE293B81700017D958 /* sastreilorTests.xctest */ = {isa = PBXFileReference; explicitFileType = wrapper.cfbundle; includeInIndex = 0; path = sastreilorTests.xctest; sourceTree = BUILT_PRODUCTS_DIR; };
		BD0652C2293B81700017D958 /* sastreilorTests.swift */ = {isa = PBXFileReference; lastKnownFileType = sourcecode.swift; path = sastreilorTests.swift; sourceTree = "<group>"; };
		BD0652C8293B81700017D958 /* sastreilorUITests.xctest */ = {isa = PBXFileReference; explicitFileType = wrapper.cfbundle; includeInIndex = 0; path = sastreilorUITests.xctest; sourceTree = BUILT_PRODUCTS_DIR; };
		BD0652CC293B81700017D958 /* sastreilorUITests.swift */ = {isa = PBXFileReference; lastKnownFileType = sourcecode.swift; path = sastreilorUITests.swift; sourceTree = "<group>"; };
		BD0652CE293B81700017D958 /* sastreilorUITestsLaunchTests.swift */ = {isa = PBXFileReference; lastKnownFileType = sourcecode.swift; path = sastreilorUITestsLaunchTests.swift; sourceTree = "<group>"; };
		BD0652F7293CE8BF0017D958 /* SignInVC.swift */ = {isa = PBXFileReference; lastKnownFileType = sourcecode.swift; path = SignInVC.swift; sourceTree = "<group>"; };
		BD0652F9293CE9C30017D958 /* SignUpVC.swift */ = {isa = PBXFileReference; lastKnownFileType = sourcecode.swift; path = SignUpVC.swift; sourceTree = "<group>"; };
		BD0652FB293CFD4B0017D958 /* GoogleService-Info.plist */ = {isa = PBXFileReference; fileEncoding = 4; lastKnownFileType = text.plist.xml; path = "GoogleService-Info.plist"; sourceTree = "<group>"; };
		BD0652FE29435B7A0017D958 /* Utilities.swift */ = {isa = PBXFileReference; lastKnownFileType = sourcecode.swift; path = Utilities.swift; sourceTree = "<group>"; };
		BD0653002944012A0017D958 /* DashboardVC.swift */ = {isa = PBXFileReference; lastKnownFileType = sourcecode.swift; path = DashboardVC.swift; sourceTree = "<group>"; };
		BD0653032944B2EE0017D958 /* measurementsVC.swift */ = {isa = PBXFileReference; lastKnownFileType = sourcecode.swift; path = measurementsVC.swift; sourceTree = "<group>"; };
		BD0653052944B60C0017D958 /* toDoVC.swift */ = {isa = PBXFileReference; lastKnownFileType = sourcecode.swift; path = toDoVC.swift; sourceTree = "<group>"; };
		BD0653072944B8A30017D958 /* calendarVC.swift */ = {isa = PBXFileReference; lastKnownFileType = sourcecode.swift; path = calendarVC.swift; sourceTree = "<group>"; };
		BD065309294625720017D958 /* ProfileVC.swift */ = {isa = PBXFileReference; lastKnownFileType = sourcecode.swift; path = ProfileVC.swift; sourceTree = "<group>"; };
		BD06530C29468BE30017D958 /* DashboardCell.swift */ = {isa = PBXFileReference; lastKnownFileType = sourcecode.swift; path = DashboardCell.swift; sourceTree = "<group>"; };
		BD12181F294E8937005652A3 /* MeasurementCell.swift */ = {isa = PBXFileReference; lastKnownFileType = sourcecode.swift; path = MeasurementCell.swift; sourceTree = "<group>"; };
		BD2F7AC12984CA2E0065BE37 /* MeasurementForm.swift */ = {isa = PBXFileReference; lastKnownFileType = sourcecode.swift; path = MeasurementForm.swift; sourceTree = "<group>"; };
		BDA0610A2983FE6A0067639E /* MycustomButton.swift */ = {isa = PBXFileReference; lastKnownFileType = sourcecode.swift; path = MycustomButton.swift; sourceTree = "<group>"; };
		BDA437B2297A05EA009F0614 /* Colors.swift */ = {isa = PBXFileReference; lastKnownFileType = sourcecode.swift; path = Colors.swift; sourceTree = "<group>"; };
		BDA437B4297A2ECD009F0614 /* tableViewCellModel.swift */ = {isa = PBXFileReference; lastKnownFileType = sourcecode.swift; path = tableViewCellModel.swift; sourceTree = "<group>"; };
		BDA437B6297A30F5009F0614 /* CollectionViewCellModel.swift */ = {isa = PBXFileReference; lastKnownFileType = sourcecode.swift; path = CollectionViewCellModel.swift; sourceTree = "<group>"; };
		BDAB4DA6294B1FE400803B67 /* es-419 */ = {isa = PBXFileReference; lastKnownFileType = text.plist.strings; name = "es-419"; path = "es-419.lproj/Main.strings"; sourceTree = "<group>"; };
		BDAB4DAA294B208700803B67 /* en */ = {isa = PBXFileReference; lastKnownFileType = text.plist.strings; name = en; path = en.lproj/Localizable.strings; sourceTree = "<group>"; };
		BDAB4DAC294B209300803B67 /* es-419 */ = {isa = PBXFileReference; lastKnownFileType = text.plist.strings; name = "es-419"; path = "es-419.lproj/Localizable.strings"; sourceTree = "<group>"; };
		BDDBC5FE295DEFC100D28203 /* TakeMeasurementVC.swift */ = {isa = PBXFileReference; lastKnownFileType = sourcecode.swift; path = TakeMeasurementVC.swift; sourceTree = "<group>"; };
		BDDBC600295F34E600D28203 /* DasboardCollectionCell.swift */ = {isa = PBXFileReference; lastKnownFileType = sourcecode.swift; path = DasboardCollectionCell.swift; sourceTree = "<group>"; };
		BDDBC602295F55E900D28203 /* DashboardButtonCell.swift */ = {isa = PBXFileReference; lastKnownFileType = sourcecode.swift; path = DashboardButtonCell.swift; sourceTree = "<group>"; };
		CD69ABE4A9643C6C238F52E3 /* Pods-sastreilor.release.xcconfig */ = {isa = PBXFileReference; includeInIndex = 1; lastKnownFileType = text.xcconfig; name = "Pods-sastreilor.release.xcconfig"; path = "Target Support Files/Pods-sastreilor/Pods-sastreilor.release.xcconfig"; sourceTree = "<group>"; };
		DAE00E0D1776793182E89CAF /* Pods_sastreilorTests.framework */ = {isa = PBXFileReference; explicitFileType = wrapper.framework; includeInIndex = 0; path = Pods_sastreilorTests.framework; sourceTree = BUILT_PRODUCTS_DIR; };
		F4AB737886948D1E42B477EE /* Pods-sastreilorTests.debug.xcconfig */ = {isa = PBXFileReference; includeInIndex = 1; lastKnownFileType = text.xcconfig; name = "Pods-sastreilorTests.debug.xcconfig"; path = "Target Support Files/Pods-sastreilorTests/Pods-sastreilorTests.debug.xcconfig"; sourceTree = "<group>"; };
		FD92BECC9426D3DB739BF5FA /* Pods_sastreilor_sastreilorUITests.framework */ = {isa = PBXFileReference; explicitFileType = wrapper.framework; includeInIndex = 0; path = Pods_sastreilor_sastreilorUITests.framework; sourceTree = BUILT_PRODUCTS_DIR; };
/* End PBXFileReference section */

/* Begin PBXFrameworksBuildPhase section */
		BD0652A5293B816D0017D958 /* Frameworks */ = {
			isa = PBXFrameworksBuildPhase;
			buildActionMask = 2147483647;
			files = (
				BD0652E9293CE7260017D958 /* FirebaseDatabaseSwift in Frameworks */,
				BD0652DF293CE7260017D958 /* FirebaseAnalyticsSwift in Frameworks */,
				BD0652DD293CE7260017D958 /* FirebaseAnalytics in Frameworks */,
				BD0652F1293CE7260017D958 /* FirebaseMLModelDownloader in Frameworks */,
				D8C4209032177931EEB9221B /* Pods_sastreilor.framework in Frameworks */,
				BD0652E5293CE7260017D958 /* FirebaseCrashlytics in Frameworks */,
				BD0652ED293CE7260017D958 /* FirebaseFirestoreSwift in Frameworks */,
				BD0652EB293CE7260017D958 /* FirebaseFirestore in Frameworks */,
				BD0652E1293CE7260017D958 /* FirebaseAuth in Frameworks */,
				BD0652E7293CE7260017D958 /* FirebaseDatabase in Frameworks */,
				BD0652EF293CE7260017D958 /* FirebaseFunctions in Frameworks */,
				BD0652F5293CE7260017D958 /* FirebaseStorage in Frameworks */,
				BD0652E3293CE7260017D958 /* FirebaseAuthCombine-Community in Frameworks */,
				BD0652F3293CE7260017D958 /* FirebaseRemoteConfigSwift in Frameworks */,
			);
			runOnlyForDeploymentPostprocessing = 0;
		};
		BD0652BB293B81700017D958 /* Frameworks */ = {
			isa = PBXFrameworksBuildPhase;
			buildActionMask = 2147483647;
			files = (
				45C55408071CD2A948DE6043 /* Pods_sastreilorTests.framework in Frameworks */,
			);
			runOnlyForDeploymentPostprocessing = 0;
		};
		BD0652C5293B81700017D958 /* Frameworks */ = {
			isa = PBXFrameworksBuildPhase;
			buildActionMask = 2147483647;
			files = (
				2C16B7F888C727B4AB86B091 /* Pods_sastreilor_sastreilorUITests.framework in Frameworks */,
			);
			runOnlyForDeploymentPostprocessing = 0;
		};
/* End PBXFrameworksBuildPhase section */

/* Begin PBXGroup section */
		BD06529F293B816D0017D958 = {
			isa = PBXGroup;
			children = (
				BD0652AA293B816D0017D958 /* sastreilor */,
				BD0652C1293B81700017D958 /* sastreilorTests */,
				BD0652CB293B81700017D958 /* sastreilorUITests */,
				BD0652A9293B816D0017D958 /* Products */,
				C518D1FA1E43B24E6D5F06DB /* Pods */,
				EB241C4F58E5A3216F2FED5B /* Frameworks */,
			);
			sourceTree = "<group>";
		};
		BD0652A9293B816D0017D958 /* Products */ = {
			isa = PBXGroup;
			children = (
				BD0652A8293B816D0017D958 /* sastreilor.app */,
				BD0652BE293B81700017D958 /* sastreilorTests.xctest */,
				BD0652C8293B81700017D958 /* sastreilorUITests.xctest */,
			);
			name = Products;
			sourceTree = "<group>";
		};
		BD0652AA293B816D0017D958 /* sastreilor */ = {
			isa = PBXGroup;
			children = (
				BD06530B29468BA50017D958 /* Cells */,
				BD065302294401350017D958 /* ViewControllers */,
				BD0652FD29435B560017D958 /* Helpers */,
				BD0652AB293B816D0017D958 /* AppDelegate.swift */,
				BD0652AD293B816D0017D958 /* SceneDelegate.swift */,
				BD0652AF293B816D0017D958 /* ViewController.swift */,
				BD0652B1293B816D0017D958 /* Main.storyboard */,
				BD0652B4293B81700017D958 /* Assets.xcassets */,
				BD0652B6293B81700017D958 /* LaunchScreen.storyboard */,
				BD0652FB293CFD4B0017D958 /* GoogleService-Info.plist */,
				BD0652B9293B81700017D958 /* Info.plist */,
				BDAB4DAB294B208700803B67 /* Localizable.strings */,
				BDA437B2297A05EA009F0614 /* Colors.swift */,
			);
			path = sastreilor;
			sourceTree = "<group>";
		};
		BD0652C1293B81700017D958 /* sastreilorTests */ = {
			isa = PBXGroup;
			children = (
				BD0652C2293B81700017D958 /* sastreilorTests.swift */,
			);
			path = sastreilorTests;
			sourceTree = "<group>";
		};
		BD0652CB293B81700017D958 /* sastreilorUITests */ = {
			isa = PBXGroup;
			children = (
				BD0652CC293B81700017D958 /* sastreilorUITests.swift */,
				BD0652CE293B81700017D958 /* sastreilorUITestsLaunchTests.swift */,
			);
			path = sastreilorUITests;
			sourceTree = "<group>";
		};
		BD0652F6293CE84D0017D958 /* SignInSignUp */ = {
			isa = PBXGroup;
			children = (
				BD0652F7293CE8BF0017D958 /* SignInVC.swift */,
				BD0652F9293CE9C30017D958 /* SignUpVC.swift */,
				BD2F7AC12984CA2E0065BE37 /* MeasurementForm.swift */,
			);
			path = SignInSignUp;
			sourceTree = "<group>";
		};
		BD0652FD29435B560017D958 /* Helpers */ = {
			isa = PBXGroup;
			children = (
				BD0652FE29435B7A0017D958 /* Utilities.swift */,
				BDA0610A2983FE6A0067639E /* MycustomButton.swift */,
			);
			path = Helpers;
			sourceTree = "<group>";
		};
		BD065302294401350017D958 /* ViewControllers */ = {
			isa = PBXGroup;
			children = (
				BD0652F6293CE84D0017D958 /* SignInSignUp */,
				BD0653002944012A0017D958 /* DashboardVC.swift */,
				BD0653032944B2EE0017D958 /* measurementsVC.swift */,
				BD0653052944B60C0017D958 /* toDoVC.swift */,
				BD0653072944B8A30017D958 /* calendarVC.swift */,
				BD065309294625720017D958 /* ProfileVC.swift */,
				BDDBC5FE295DEFC100D28203 /* TakeMeasurementVC.swift */,
			);
			path = ViewControllers;
			sourceTree = "<group>";
		};
		BD06530B29468BA50017D958 /* Cells */ = {
			isa = PBXGroup;
			children = (
				BD06530C29468BE30017D958 /* DashboardCell.swift */,
				BD12181F294E8937005652A3 /* MeasurementCell.swift */,
				BDDBC600295F34E600D28203 /* DasboardCollectionCell.swift */,
				BDDBC602295F55E900D28203 /* DashboardButtonCell.swift */,
				BDA437B4297A2ECD009F0614 /* tableViewCellModel.swift */,
				BDA437B6297A30F5009F0614 /* CollectionViewCellModel.swift */,
			);
			path = Cells;
			sourceTree = "<group>";
		};
		C518D1FA1E43B24E6D5F06DB /* Pods */ = {
			isa = PBXGroup;
			children = (
				AA06B7E2E341FB8D41FC2C13 /* Pods-sastreilor.debug.xcconfig */,
				CD69ABE4A9643C6C238F52E3 /* Pods-sastreilor.release.xcconfig */,
				6B76E7878E63375AFE7DBDA1 /* Pods-sastreilor-sastreilorUITests.debug.xcconfig */,
				2A64E07AF9D2F2F5CBE6FAE8 /* Pods-sastreilor-sastreilorUITests.release.xcconfig */,
				F4AB737886948D1E42B477EE /* Pods-sastreilorTests.debug.xcconfig */,
				4C851C7C08153839EF1D0D41 /* Pods-sastreilorTests.release.xcconfig */,
			);
			path = Pods;
			sourceTree = "<group>";
		};
		EB241C4F58E5A3216F2FED5B /* Frameworks */ = {
			isa = PBXGroup;
			children = (
				7F63BBABAAEB7DBC2C42F6ED /* Pods_sastreilor.framework */,
				FD92BECC9426D3DB739BF5FA /* Pods_sastreilor_sastreilorUITests.framework */,
				DAE00E0D1776793182E89CAF /* Pods_sastreilorTests.framework */,
			);
			name = Frameworks;
			sourceTree = "<group>";
		};
/* End PBXGroup section */

/* Begin PBXNativeTarget section */
		BD0652A7293B816D0017D958 /* sastreilor */ = {
			isa = PBXNativeTarget;
			buildConfigurationList = BD0652D2293B81700017D958 /* Build configuration list for PBXNativeTarget "sastreilor" */;
			buildPhases = (
				3E94550A5ABDDCC5AB40800E /* [CP] Check Pods Manifest.lock */,
				BD0652A4293B816D0017D958 /* Sources */,
				BD0652A5293B816D0017D958 /* Frameworks */,
				BD0652A6293B816D0017D958 /* Resources */,
				3D6A7193BF4A9B2ED862F5C9 /* [CP] Embed Pods Frameworks */,
			);
			buildRules = (
			);
			dependencies = (
			);
			name = sastreilor;
			packageProductDependencies = (
				BD0652DC293CE7260017D958 /* FirebaseAnalytics */,
				BD0652DE293CE7260017D958 /* FirebaseAnalyticsSwift */,
				BD0652E0293CE7260017D958 /* FirebaseAuth */,
				BD0652E2293CE7260017D958 /* FirebaseAuthCombine-Community */,
				BD0652E4293CE7260017D958 /* FirebaseCrashlytics */,
				BD0652E6293CE7260017D958 /* FirebaseDatabase */,
				BD0652E8293CE7260017D958 /* FirebaseDatabaseSwift */,
				BD0652EA293CE7260017D958 /* FirebaseFirestore */,
				BD0652EC293CE7260017D958 /* FirebaseFirestoreSwift */,
				BD0652EE293CE7260017D958 /* FirebaseFunctions */,
				BD0652F0293CE7260017D958 /* FirebaseMLModelDownloader */,
				BD0652F2293CE7260017D958 /* FirebaseRemoteConfigSwift */,
				BD0652F4293CE7260017D958 /* FirebaseStorage */,
			);
			productName = sastreilor;
			productReference = BD0652A8293B816D0017D958 /* sastreilor.app */;
			productType = "com.apple.product-type.application";
		};
		BD0652BD293B81700017D958 /* sastreilorTests */ = {
			isa = PBXNativeTarget;
			buildConfigurationList = BD0652D5293B81700017D958 /* Build configuration list for PBXNativeTarget "sastreilorTests" */;
			buildPhases = (
				65D0EC9B293D44C35BD3E872 /* [CP] Check Pods Manifest.lock */,
				BD0652BA293B81700017D958 /* Sources */,
				BD0652BB293B81700017D958 /* Frameworks */,
				BD0652BC293B81700017D958 /* Resources */,
			);
			buildRules = (
			);
			dependencies = (
				BD0652C0293B81700017D958 /* PBXTargetDependency */,
			);
			name = sastreilorTests;
			productName = sastreilorTests;
			productReference = BD0652BE293B81700017D958 /* sastreilorTests.xctest */;
			productType = "com.apple.product-type.bundle.unit-test";
		};
		BD0652C7293B81700017D958 /* sastreilorUITests */ = {
			isa = PBXNativeTarget;
			buildConfigurationList = BD0652D8293B81700017D958 /* Build configuration list for PBXNativeTarget "sastreilorUITests" */;
			buildPhases = (
				C53BE8162FB3EE16C9BA9CCB /* [CP] Check Pods Manifest.lock */,
				BD0652C4293B81700017D958 /* Sources */,
				BD0652C5293B81700017D958 /* Frameworks */,
				BD0652C6293B81700017D958 /* Resources */,
				F56CE5330B8D164218A4A843 /* [CP] Embed Pods Frameworks */,
			);
			buildRules = (
			);
			dependencies = (
				BD0652CA293B81700017D958 /* PBXTargetDependency */,
			);
			name = sastreilorUITests;
			productName = sastreilorUITests;
			productReference = BD0652C8293B81700017D958 /* sastreilorUITests.xctest */;
			productType = "com.apple.product-type.bundle.ui-testing";
		};
/* End PBXNativeTarget section */

/* Begin PBXProject section */
		BD0652A0293B816D0017D958 /* Project object */ = {
			isa = PBXProject;
			attributes = {
				BuildIndependentTargetsInParallel = 1;
				LastSwiftUpdateCheck = 1410;
				LastUpgradeCheck = 1410;
				TargetAttributes = {
					BD0652A7293B816D0017D958 = {
						CreatedOnToolsVersion = 14.1;
					};
					BD0652BD293B81700017D958 = {
						CreatedOnToolsVersion = 14.1;
						TestTargetID = BD0652A7293B816D0017D958;
					};
					BD0652C7293B81700017D958 = {
						CreatedOnToolsVersion = 14.1;
						TestTargetID = BD0652A7293B816D0017D958;
					};
				};
			};
			buildConfigurationList = BD0652A3293B816D0017D958 /* Build configuration list for PBXProject "sastreilor" */;
			compatibilityVersion = "Xcode 14.0";
			developmentRegion = en;
			hasScannedForEncodings = 0;
			knownRegions = (
				en,
				Base,
				"es-419",
			);
			mainGroup = BD06529F293B816D0017D958;
			packageReferences = (
				BD0652DB293CE7260017D958 /* XCRemoteSwiftPackageReference "firebase-ios-sdk" */,
			);
			productRefGroup = BD0652A9293B816D0017D958 /* Products */;
			projectDirPath = "";
			projectRoot = "";
			targets = (
				BD0652A7293B816D0017D958 /* sastreilor */,
				BD0652BD293B81700017D958 /* sastreilorTests */,
				BD0652C7293B81700017D958 /* sastreilorUITests */,
			);
		};
/* End PBXProject section */

/* Begin PBXResourcesBuildPhase section */
		BD0652A6293B816D0017D958 /* Resources */ = {
			isa = PBXResourcesBuildPhase;
			buildActionMask = 2147483647;
			files = (
				BDAB4DA9294B208700803B67 /* Localizable.strings in Resources */,
				BD0652B8293B81700017D958 /* LaunchScreen.storyboard in Resources */,
				BD0652FC293CFD4B0017D958 /* GoogleService-Info.plist in Resources */,
				BD0652B5293B81700017D958 /* Assets.xcassets in Resources */,
				BD0652B3293B816D0017D958 /* Main.storyboard in Resources */,
			);
			runOnlyForDeploymentPostprocessing = 0;
		};
		BD0652BC293B81700017D958 /* Resources */ = {
			isa = PBXResourcesBuildPhase;
			buildActionMask = 2147483647;
			files = (
			);
			runOnlyForDeploymentPostprocessing = 0;
		};
		BD0652C6293B81700017D958 /* Resources */ = {
			isa = PBXResourcesBuildPhase;
			buildActionMask = 2147483647;
			files = (
			);
			runOnlyForDeploymentPostprocessing = 0;
		};
/* End PBXResourcesBuildPhase section */

/* Begin PBXShellScriptBuildPhase section */
		3D6A7193BF4A9B2ED862F5C9 /* [CP] Embed Pods Frameworks */ = {
			isa = PBXShellScriptBuildPhase;
			buildActionMask = 2147483647;
			files = (
			);
			inputFileListPaths = (
				"${PODS_ROOT}/Target Support Files/Pods-sastreilor/Pods-sastreilor-frameworks-${CONFIGURATION}-input-files.xcfilelist",
			);
			name = "[CP] Embed Pods Frameworks";
			outputFileListPaths = (
				"${PODS_ROOT}/Target Support Files/Pods-sastreilor/Pods-sastreilor-frameworks-${CONFIGURATION}-output-files.xcfilelist",
			);
			runOnlyForDeploymentPostprocessing = 0;
			shellPath = /bin/sh;
			shellScript = "\"${PODS_ROOT}/Target Support Files/Pods-sastreilor/Pods-sastreilor-frameworks.sh\"\n";
			showEnvVarsInLog = 0;
		};
		3E94550A5ABDDCC5AB40800E /* [CP] Check Pods Manifest.lock */ = {
			isa = PBXShellScriptBuildPhase;
			buildActionMask = 2147483647;
			files = (
			);
			inputFileListPaths = (
			);
			inputPaths = (
				"${PODS_PODFILE_DIR_PATH}/Podfile.lock",
				"${PODS_ROOT}/Manifest.lock",
			);
			name = "[CP] Check Pods Manifest.lock";
			outputFileListPaths = (
			);
			outputPaths = (
				"$(DERIVED_FILE_DIR)/Pods-sastreilor-checkManifestLockResult.txt",
			);
			runOnlyForDeploymentPostprocessing = 0;
			shellPath = /bin/sh;
			shellScript = "diff \"${PODS_PODFILE_DIR_PATH}/Podfile.lock\" \"${PODS_ROOT}/Manifest.lock\" > /dev/null\nif [ $? != 0 ] ; then\n    # print error to STDERR\n    echo \"error: The sandbox is not in sync with the Podfile.lock. Run 'pod install' or update your CocoaPods installation.\" >&2\n    exit 1\nfi\n# This output is used by Xcode 'outputs' to avoid re-running this script phase.\necho \"SUCCESS\" > \"${SCRIPT_OUTPUT_FILE_0}\"\n";
			showEnvVarsInLog = 0;
		};
		65D0EC9B293D44C35BD3E872 /* [CP] Check Pods Manifest.lock */ = {
			isa = PBXShellScriptBuildPhase;
			buildActionMask = 2147483647;
			files = (
			);
			inputFileListPaths = (
			);
			inputPaths = (
				"${PODS_PODFILE_DIR_PATH}/Podfile.lock",
				"${PODS_ROOT}/Manifest.lock",
			);
			name = "[CP] Check Pods Manifest.lock";
			outputFileListPaths = (
			);
			outputPaths = (
				"$(DERIVED_FILE_DIR)/Pods-sastreilorTests-checkManifestLockResult.txt",
			);
			runOnlyForDeploymentPostprocessing = 0;
			shellPath = /bin/sh;
			shellScript = "diff \"${PODS_PODFILE_DIR_PATH}/Podfile.lock\" \"${PODS_ROOT}/Manifest.lock\" > /dev/null\nif [ $? != 0 ] ; then\n    # print error to STDERR\n    echo \"error: The sandbox is not in sync with the Podfile.lock. Run 'pod install' or update your CocoaPods installation.\" >&2\n    exit 1\nfi\n# This output is used by Xcode 'outputs' to avoid re-running this script phase.\necho \"SUCCESS\" > \"${SCRIPT_OUTPUT_FILE_0}\"\n";
			showEnvVarsInLog = 0;
		};
		C53BE8162FB3EE16C9BA9CCB /* [CP] Check Pods Manifest.lock */ = {
			isa = PBXShellScriptBuildPhase;
			buildActionMask = 2147483647;
			files = (
			);
			inputFileListPaths = (
			);
			inputPaths = (
				"${PODS_PODFILE_DIR_PATH}/Podfile.lock",
				"${PODS_ROOT}/Manifest.lock",
			);
			name = "[CP] Check Pods Manifest.lock";
			outputFileListPaths = (
			);
			outputPaths = (
				"$(DERIVED_FILE_DIR)/Pods-sastreilor-sastreilorUITests-checkManifestLockResult.txt",
			);
			runOnlyForDeploymentPostprocessing = 0;
			shellPath = /bin/sh;
			shellScript = "diff \"${PODS_PODFILE_DIR_PATH}/Podfile.lock\" \"${PODS_ROOT}/Manifest.lock\" > /dev/null\nif [ $? != 0 ] ; then\n    # print error to STDERR\n    echo \"error: The sandbox is not in sync with the Podfile.lock. Run 'pod install' or update your CocoaPods installation.\" >&2\n    exit 1\nfi\n# This output is used by Xcode 'outputs' to avoid re-running this script phase.\necho \"SUCCESS\" > \"${SCRIPT_OUTPUT_FILE_0}\"\n";
			showEnvVarsInLog = 0;
		};
		F56CE5330B8D164218A4A843 /* [CP] Embed Pods Frameworks */ = {
			isa = PBXShellScriptBuildPhase;
			buildActionMask = 2147483647;
			files = (
			);
			inputFileListPaths = (
				"${PODS_ROOT}/Target Support Files/Pods-sastreilor-sastreilorUITests/Pods-sastreilor-sastreilorUITests-frameworks-${CONFIGURATION}-input-files.xcfilelist",
			);
			name = "[CP] Embed Pods Frameworks";
			outputFileListPaths = (
				"${PODS_ROOT}/Target Support Files/Pods-sastreilor-sastreilorUITests/Pods-sastreilor-sastreilorUITests-frameworks-${CONFIGURATION}-output-files.xcfilelist",
			);
			runOnlyForDeploymentPostprocessing = 0;
			shellPath = /bin/sh;
			shellScript = "\"${PODS_ROOT}/Target Support Files/Pods-sastreilor-sastreilorUITests/Pods-sastreilor-sastreilorUITests-frameworks.sh\"\n";
			showEnvVarsInLog = 0;
		};
/* End PBXShellScriptBuildPhase section */

/* Begin PBXSourcesBuildPhase section */
		BD0652A4293B816D0017D958 /* Sources */ = {
			isa = PBXSourcesBuildPhase;
			buildActionMask = 2147483647;
			files = (
				BD0653082944B8A30017D958 /* calendarVC.swift in Sources */,
				BD2F7AC22984CA2E0065BE37 /* MeasurementForm.swift in Sources */,
				BD0653062944B60C0017D958 /* toDoVC.swift in Sources */,
				BD0652FF29435B7A0017D958 /* Utilities.swift in Sources */,
				BDA437B3297A05EA009F0614 /* Colors.swift in Sources */,
				BDA0610B2983FE6A0067639E /* MycustomButton.swift in Sources */,
				BD0653042944B2EE0017D958 /* measurementsVC.swift in Sources */,
				BDA437B5297A2ECD009F0614 /* tableViewCellModel.swift in Sources */,
				BD121820294E8937005652A3 /* MeasurementCell.swift in Sources */,
				BD0652B0293B816D0017D958 /* ViewController.swift in Sources */,
				BD0653012944012A0017D958 /* DashboardVC.swift in Sources */,
				BD0652AC293B816D0017D958 /* AppDelegate.swift in Sources */,
				BDDBC603295F55E900D28203 /* DashboardButtonCell.swift in Sources */,
				BD0652F8293CE8BF0017D958 /* SignInVC.swift in Sources */,
				BDDBC601295F34E600D28203 /* DasboardCollectionCell.swift in Sources */,
				BDA437B7297A30F5009F0614 /* CollectionViewCellModel.swift in Sources */,
				BD0652FA293CE9C30017D958 /* SignUpVC.swift in Sources */,
				BDDBC5FF295DEFC100D28203 /* TakeMeasurementVC.swift in Sources */,
				BD06530A294625720017D958 /* ProfileVC.swift in Sources */,
				BD06530D29468BE30017D958 /* DashboardCell.swift in Sources */,
				BD0652AE293B816D0017D958 /* SceneDelegate.swift in Sources */,
			);
			runOnlyForDeploymentPostprocessing = 0;
		};
		BD0652BA293B81700017D958 /* Sources */ = {
			isa = PBXSourcesBuildPhase;
			buildActionMask = 2147483647;
			files = (
				BD0652C3293B81700017D958 /* sastreilorTests.swift in Sources */,
			);
			runOnlyForDeploymentPostprocessing = 0;
		};
		BD0652C4293B81700017D958 /* Sources */ = {
			isa = PBXSourcesBuildPhase;
			buildActionMask = 2147483647;
			files = (
				BD0652CF293B81700017D958 /* sastreilorUITestsLaunchTests.swift in Sources */,
				BD0652CD293B81700017D958 /* sastreilorUITests.swift in Sources */,
			);
			runOnlyForDeploymentPostprocessing = 0;
		};
/* End PBXSourcesBuildPhase section */

/* Begin PBXTargetDependency section */
		BD0652C0293B81700017D958 /* PBXTargetDependency */ = {
			isa = PBXTargetDependency;
			target = BD0652A7293B816D0017D958 /* sastreilor */;
			targetProxy = BD0652BF293B81700017D958 /* PBXContainerItemProxy */;
		};
		BD0652CA293B81700017D958 /* PBXTargetDependency */ = {
			isa = PBXTargetDependency;
			target = BD0652A7293B816D0017D958 /* sastreilor */;
			targetProxy = BD0652C9293B81700017D958 /* PBXContainerItemProxy */;
		};
/* End PBXTargetDependency section */

/* Begin PBXVariantGroup section */
		BD0652B1293B816D0017D958 /* Main.storyboard */ = {
			isa = PBXVariantGroup;
			children = (
				BD0652B2293B816D0017D958 /* Base */,
				BDAB4DA6294B1FE400803B67 /* es-419 */,
			);
			name = Main.storyboard;
			sourceTree = "<group>";
		};
		BD0652B6293B81700017D958 /* LaunchScreen.storyboard */ = {
			isa = PBXVariantGroup;
			children = (
				BD0652B7293B81700017D958 /* Base */,
			);
			name = LaunchScreen.storyboard;
			sourceTree = "<group>";
		};
		BDAB4DAB294B208700803B67 /* Localizable.strings */ = {
			isa = PBXVariantGroup;
			children = (
				BDAB4DAA294B208700803B67 /* en */,
				BDAB4DAC294B209300803B67 /* es-419 */,
			);
			name = Localizable.strings;
			sourceTree = "<group>";
		};
/* End PBXVariantGroup section */

/* Begin XCBuildConfiguration section */
		BD0652D0293B81700017D958 /* Debug */ = {
			isa = XCBuildConfiguration;
			buildSettings = {
				ALWAYS_SEARCH_USER_PATHS = NO;
				CLANG_ANALYZER_LOCALIZABILITY_NONLOCALIZED = YES;
				CLANG_ANALYZER_NONNULL = YES;
				CLANG_ANALYZER_NUMBER_OBJECT_CONVERSION = YES_AGGRESSIVE;
				CLANG_CXX_LANGUAGE_STANDARD = "gnu++20";
				CLANG_ENABLE_MODULES = YES;
				CLANG_ENABLE_OBJC_ARC = YES;
				CLANG_ENABLE_OBJC_WEAK = YES;
				CLANG_WARN_BLOCK_CAPTURE_AUTORELEASING = YES;
				CLANG_WARN_BOOL_CONVERSION = YES;
				CLANG_WARN_COMMA = YES;
				CLANG_WARN_CONSTANT_CONVERSION = YES;
				CLANG_WARN_DEPRECATED_OBJC_IMPLEMENTATIONS = YES;
				CLANG_WARN_DIRECT_OBJC_ISA_USAGE = YES_ERROR;
				CLANG_WARN_DOCUMENTATION_COMMENTS = YES;
				CLANG_WARN_EMPTY_BODY = YES;
				CLANG_WARN_ENUM_CONVERSION = YES;
				CLANG_WARN_INFINITE_RECURSION = YES;
				CLANG_WARN_INT_CONVERSION = YES;
				CLANG_WARN_NON_LITERAL_NULL_CONVERSION = YES;
				CLANG_WARN_OBJC_IMPLICIT_RETAIN_SELF = YES;
				CLANG_WARN_OBJC_LITERAL_CONVERSION = YES;
				CLANG_WARN_OBJC_ROOT_CLASS = YES_ERROR;
				CLANG_WARN_QUOTED_INCLUDE_IN_FRAMEWORK_HEADER = YES;
				CLANG_WARN_RANGE_LOOP_ANALYSIS = YES;
				CLANG_WARN_STRICT_PROTOTYPES = YES;
				CLANG_WARN_SUSPICIOUS_MOVE = YES;
				CLANG_WARN_UNGUARDED_AVAILABILITY = YES_AGGRESSIVE;
				CLANG_WARN_UNREACHABLE_CODE = YES;
				CLANG_WARN__DUPLICATE_METHOD_MATCH = YES;
				COPY_PHASE_STRIP = NO;
				DEBUG_INFORMATION_FORMAT = dwarf;
				ENABLE_STRICT_OBJC_MSGSEND = YES;
				ENABLE_TESTABILITY = YES;
				GCC_C_LANGUAGE_STANDARD = gnu11;
				GCC_DYNAMIC_NO_PIC = NO;
				GCC_NO_COMMON_BLOCKS = YES;
				GCC_OPTIMIZATION_LEVEL = 0;
				GCC_PREPROCESSOR_DEFINITIONS = (
					"DEBUG=1",
					"$(inherited)",
				);
				GCC_WARN_64_TO_32_BIT_CONVERSION = YES;
				GCC_WARN_ABOUT_RETURN_TYPE = YES_ERROR;
				GCC_WARN_UNDECLARED_SELECTOR = YES;
				GCC_WARN_UNINITIALIZED_AUTOS = YES_AGGRESSIVE;
				GCC_WARN_UNUSED_FUNCTION = YES;
				GCC_WARN_UNUSED_VARIABLE = YES;
				IPHONEOS_DEPLOYMENT_TARGET = 16.1;
				MTL_ENABLE_DEBUG_INFO = INCLUDE_SOURCE;
				MTL_FAST_MATH = YES;
				ONLY_ACTIVE_ARCH = YES;
				SDKROOT = iphoneos;
				SWIFT_ACTIVE_COMPILATION_CONDITIONS = DEBUG;
				SWIFT_OPTIMIZATION_LEVEL = "-Onone";
			};
			name = Debug;
		};
		BD0652D1293B81700017D958 /* Release */ = {
			isa = XCBuildConfiguration;
			buildSettings = {
				ALWAYS_SEARCH_USER_PATHS = NO;
				CLANG_ANALYZER_LOCALIZABILITY_NONLOCALIZED = YES;
				CLANG_ANALYZER_NONNULL = YES;
				CLANG_ANALYZER_NUMBER_OBJECT_CONVERSION = YES_AGGRESSIVE;
				CLANG_CXX_LANGUAGE_STANDARD = "gnu++20";
				CLANG_ENABLE_MODULES = YES;
				CLANG_ENABLE_OBJC_ARC = YES;
				CLANG_ENABLE_OBJC_WEAK = YES;
				CLANG_WARN_BLOCK_CAPTURE_AUTORELEASING = YES;
				CLANG_WARN_BOOL_CONVERSION = YES;
				CLANG_WARN_COMMA = YES;
				CLANG_WARN_CONSTANT_CONVERSION = YES;
				CLANG_WARN_DEPRECATED_OBJC_IMPLEMENTATIONS = YES;
				CLANG_WARN_DIRECT_OBJC_ISA_USAGE = YES_ERROR;
				CLANG_WARN_DOCUMENTATION_COMMENTS = YES;
				CLANG_WARN_EMPTY_BODY = YES;
				CLANG_WARN_ENUM_CONVERSION = YES;
				CLANG_WARN_INFINITE_RECURSION = YES;
				CLANG_WARN_INT_CONVERSION = YES;
				CLANG_WARN_NON_LITERAL_NULL_CONVERSION = YES;
				CLANG_WARN_OBJC_IMPLICIT_RETAIN_SELF = YES;
				CLANG_WARN_OBJC_LITERAL_CONVERSION = YES;
				CLANG_WARN_OBJC_ROOT_CLASS = YES_ERROR;
				CLANG_WARN_QUOTED_INCLUDE_IN_FRAMEWORK_HEADER = YES;
				CLANG_WARN_RANGE_LOOP_ANALYSIS = YES;
				CLANG_WARN_STRICT_PROTOTYPES = YES;
				CLANG_WARN_SUSPICIOUS_MOVE = YES;
				CLANG_WARN_UNGUARDED_AVAILABILITY = YES_AGGRESSIVE;
				CLANG_WARN_UNREACHABLE_CODE = YES;
				CLANG_WARN__DUPLICATE_METHOD_MATCH = YES;
				COPY_PHASE_STRIP = NO;
				DEBUG_INFORMATION_FORMAT = "dwarf-with-dsym";
				ENABLE_NS_ASSERTIONS = NO;
				ENABLE_STRICT_OBJC_MSGSEND = YES;
				GCC_C_LANGUAGE_STANDARD = gnu11;
				GCC_NO_COMMON_BLOCKS = YES;
				GCC_WARN_64_TO_32_BIT_CONVERSION = YES;
				GCC_WARN_ABOUT_RETURN_TYPE = YES_ERROR;
				GCC_WARN_UNDECLARED_SELECTOR = YES;
				GCC_WARN_UNINITIALIZED_AUTOS = YES_AGGRESSIVE;
				GCC_WARN_UNUSED_FUNCTION = YES;
				GCC_WARN_UNUSED_VARIABLE = YES;
				IPHONEOS_DEPLOYMENT_TARGET = 16.1;
				MTL_ENABLE_DEBUG_INFO = NO;
				MTL_FAST_MATH = YES;
				SDKROOT = iphoneos;
				SWIFT_COMPILATION_MODE = wholemodule;
				SWIFT_OPTIMIZATION_LEVEL = "-O";
				VALIDATE_PRODUCT = YES;
			};
			name = Release;
		};
		BD0652D3293B81700017D958 /* Debug */ = {
			isa = XCBuildConfiguration;
			baseConfigurationReference = AA06B7E2E341FB8D41FC2C13 /* Pods-sastreilor.debug.xcconfig */;
			buildSettings = {
				ASSETCATALOG_COMPILER_APPICON_NAME = AppIcon;
				ASSETCATALOG_COMPILER_GLOBAL_ACCENT_COLOR_NAME = AccentColor;
				CODE_SIGN_STYLE = Automatic;
				CURRENT_PROJECT_VERSION = 1;
				DEVELOPMENT_TEAM = CB6LLMVDFJ;
				GENERATE_INFOPLIST_FILE = YES;
				INFOPLIST_FILE = sastreilor/Info.plist;
				INFOPLIST_KEY_UIApplicationSupportsIndirectInputEvents = YES;
				INFOPLIST_KEY_UILaunchStoryboardName = LaunchScreen;
				INFOPLIST_KEY_UIMainStoryboardFile = Main;
				INFOPLIST_KEY_UISupportedInterfaceOrientations_iPad = "UIInterfaceOrientationPortrait UIInterfaceOrientationPortraitUpsideDown UIInterfaceOrientationLandscapeLeft UIInterfaceOrientationLandscapeRight";
				INFOPLIST_KEY_UISupportedInterfaceOrientations_iPhone = "UIInterfaceOrientationPortrait UIInterfaceOrientationLandscapeLeft UIInterfaceOrientationLandscapeRight";
				IPHONEOS_DEPLOYMENT_TARGET = 15.0;
				LD_RUNPATH_SEARCH_PATHS = (
					"$(inherited)",
					"@executable_path/Frameworks",
				);
				MARKETING_VERSION = 1.0;
				PRODUCT_BUNDLE_IDENTIFIER = com.yunsan22.sastreilor;
				PRODUCT_NAME = "$(TARGET_NAME)";
				SWIFT_EMIT_LOC_STRINGS = YES;
				SWIFT_VERSION = 5.0;
				TARGETED_DEVICE_FAMILY = "1,2";
			};
			name = Debug;
		};
		BD0652D4293B81700017D958 /* Release */ = {
			isa = XCBuildConfiguration;
			baseConfigurationReference = CD69ABE4A9643C6C238F52E3 /* Pods-sastreilor.release.xcconfig */;
			buildSettings = {
				ASSETCATALOG_COMPILER_APPICON_NAME = AppIcon;
				ASSETCATALOG_COMPILER_GLOBAL_ACCENT_COLOR_NAME = AccentColor;
				CODE_SIGN_STYLE = Automatic;
				CURRENT_PROJECT_VERSION = 1;
				DEVELOPMENT_TEAM = CB6LLMVDFJ;
				GENERATE_INFOPLIST_FILE = YES;
				INFOPLIST_FILE = sastreilor/Info.plist;
				INFOPLIST_KEY_UIApplicationSupportsIndirectInputEvents = YES;
				INFOPLIST_KEY_UILaunchStoryboardName = LaunchScreen;
				INFOPLIST_KEY_UIMainStoryboardFile = Main;
				INFOPLIST_KEY_UISupportedInterfaceOrientations_iPad = "UIInterfaceOrientationPortrait UIInterfaceOrientationPortraitUpsideDown UIInterfaceOrientationLandscapeLeft UIInterfaceOrientationLandscapeRight";
				INFOPLIST_KEY_UISupportedInterfaceOrientations_iPhone = "UIInterfaceOrientationPortrait UIInterfaceOrientationLandscapeLeft UIInterfaceOrientationLandscapeRight";
				IPHONEOS_DEPLOYMENT_TARGET = 15.0;
				LD_RUNPATH_SEARCH_PATHS = (
					"$(inherited)",
					"@executable_path/Frameworks",
				);
				MARKETING_VERSION = 1.0;
				PRODUCT_BUNDLE_IDENTIFIER = com.yunsan22.sastreilor;
				PRODUCT_NAME = "$(TARGET_NAME)";
				SWIFT_EMIT_LOC_STRINGS = YES;
				SWIFT_VERSION = 5.0;
				TARGETED_DEVICE_FAMILY = "1,2";
			};
			name = Release;
		};
		BD0652D6293B81700017D958 /* Debug */ = {
			isa = XCBuildConfiguration;
			baseConfigurationReference = F4AB737886948D1E42B477EE /* Pods-sastreilorTests.debug.xcconfig */;
			buildSettings = {
				ALWAYS_EMBED_SWIFT_STANDARD_LIBRARIES = YES;
				BUNDLE_LOADER = "$(TEST_HOST)";
				CODE_SIGN_STYLE = Automatic;
				CURRENT_PROJECT_VERSION = 1;
				DEVELOPMENT_TEAM = CB6LLMVDFJ;
				GENERATE_INFOPLIST_FILE = YES;
				IPHONEOS_DEPLOYMENT_TARGET = 16.1;
				MARKETING_VERSION = 1.0;
				PRODUCT_BUNDLE_IDENTIFIER = com.yunsan22.sastreilorTests;
				PRODUCT_NAME = "$(TARGET_NAME)";
				SWIFT_EMIT_LOC_STRINGS = NO;
				SWIFT_VERSION = 5.0;
				TARGETED_DEVICE_FAMILY = "1,2";
				TEST_HOST = "$(BUILT_PRODUCTS_DIR)/sastreilor.app/$(BUNDLE_EXECUTABLE_FOLDER_PATH)/sastreilor";
			};
			name = Debug;
		};
		BD0652D7293B81700017D958 /* Release */ = {
			isa = XCBuildConfiguration;
			baseConfigurationReference = 4C851C7C08153839EF1D0D41 /* Pods-sastreilorTests.release.xcconfig */;
			buildSettings = {
				ALWAYS_EMBED_SWIFT_STANDARD_LIBRARIES = YES;
				BUNDLE_LOADER = "$(TEST_HOST)";
				CODE_SIGN_STYLE = Automatic;
				CURRENT_PROJECT_VERSION = 1;
				DEVELOPMENT_TEAM = CB6LLMVDFJ;
				GENERATE_INFOPLIST_FILE = YES;
				IPHONEOS_DEPLOYMENT_TARGET = 16.1;
				MARKETING_VERSION = 1.0;
				PRODUCT_BUNDLE_IDENTIFIER = com.yunsan22.sastreilorTests;
				PRODUCT_NAME = "$(TARGET_NAME)";
				SWIFT_EMIT_LOC_STRINGS = NO;
				SWIFT_VERSION = 5.0;
				TARGETED_DEVICE_FAMILY = "1,2";
				TEST_HOST = "$(BUILT_PRODUCTS_DIR)/sastreilor.app/$(BUNDLE_EXECUTABLE_FOLDER_PATH)/sastreilor";
			};
			name = Release;
		};
		BD0652D9293B81700017D958 /* Debug */ = {
			isa = XCBuildConfiguration;
			baseConfigurationReference = 6B76E7878E63375AFE7DBDA1 /* Pods-sastreilor-sastreilorUITests.debug.xcconfig */;
			buildSettings = {
				ALWAYS_EMBED_SWIFT_STANDARD_LIBRARIES = YES;
				CODE_SIGN_STYLE = Automatic;
				CURRENT_PROJECT_VERSION = 1;
				DEVELOPMENT_TEAM = CB6LLMVDFJ;
				GENERATE_INFOPLIST_FILE = YES;
				MARKETING_VERSION = 1.0;
				PRODUCT_BUNDLE_IDENTIFIER = com.yunsan22.sastreilorUITests;
				PRODUCT_NAME = "$(TARGET_NAME)";
				SWIFT_EMIT_LOC_STRINGS = NO;
				SWIFT_VERSION = 5.0;
				TARGETED_DEVICE_FAMILY = "1,2";
				TEST_TARGET_NAME = sastreilor;
			};
			name = Debug;
		};
		BD0652DA293B81700017D958 /* Release */ = {
			isa = XCBuildConfiguration;
			baseConfigurationReference = 2A64E07AF9D2F2F5CBE6FAE8 /* Pods-sastreilor-sastreilorUITests.release.xcconfig */;
			buildSettings = {
				ALWAYS_EMBED_SWIFT_STANDARD_LIBRARIES = YES;
				CODE_SIGN_STYLE = Automatic;
				CURRENT_PROJECT_VERSION = 1;
				DEVELOPMENT_TEAM = CB6LLMVDFJ;
				GENERATE_INFOPLIST_FILE = YES;
				MARKETING_VERSION = 1.0;
				PRODUCT_BUNDLE_IDENTIFIER = com.yunsan22.sastreilorUITests;
				PRODUCT_NAME = "$(TARGET_NAME)";
				SWIFT_EMIT_LOC_STRINGS = NO;
				SWIFT_VERSION = 5.0;
				TARGETED_DEVICE_FAMILY = "1,2";
				TEST_TARGET_NAME = sastreilor;
			};
			name = Release;
		};
/* End XCBuildConfiguration section */

/* Begin XCConfigurationList section */
		BD0652A3293B816D0017D958 /* Build configuration list for PBXProject "sastreilor" */ = {
			isa = XCConfigurationList;
			buildConfigurations = (
				BD0652D0293B81700017D958 /* Debug */,
				BD0652D1293B81700017D958 /* Release */,
			);
			defaultConfigurationIsVisible = 0;
			defaultConfigurationName = Release;
		};
		BD0652D2293B81700017D958 /* Build configuration list for PBXNativeTarget "sastreilor" */ = {
			isa = XCConfigurationList;
			buildConfigurations = (
				BD0652D3293B81700017D958 /* Debug */,
				BD0652D4293B81700017D958 /* Release */,
			);
			defaultConfigurationIsVisible = 0;
			defaultConfigurationName = Release;
		};
		BD0652D5293B81700017D958 /* Build configuration list for PBXNativeTarget "sastreilorTests" */ = {
			isa = XCConfigurationList;
			buildConfigurations = (
				BD0652D6293B81700017D958 /* Debug */,
				BD0652D7293B81700017D958 /* Release */,
			);
			defaultConfigurationIsVisible = 0;
			defaultConfigurationName = Release;
		};
		BD0652D8293B81700017D958 /* Build configuration list for PBXNativeTarget "sastreilorUITests" */ = {
			isa = XCConfigurationList;
			buildConfigurations = (
				BD0652D9293B81700017D958 /* Debug */,
				BD0652DA293B81700017D958 /* Release */,
			);
			defaultConfigurationIsVisible = 0;
			defaultConfigurationName = Release;
		};
/* End XCConfigurationList section */

/* Begin XCRemoteSwiftPackageReference section */
		BD0652DB293CE7260017D958 /* XCRemoteSwiftPackageReference "firebase-ios-sdk" */ = {
			isa = XCRemoteSwiftPackageReference;
			repositoryURL = "https://github.com/firebase/firebase-ios-sdk";
			requirement = {
				kind = upToNextMajorVersion;
				minimumVersion = 9.0.0;
			};
		};
/* End XCRemoteSwiftPackageReference section */

/* Begin XCSwiftPackageProductDependency section */
		BD0652DC293CE7260017D958 /* FirebaseAnalytics */ = {
			isa = XCSwiftPackageProductDependency;
			package = BD0652DB293CE7260017D958 /* XCRemoteSwiftPackageReference "firebase-ios-sdk" */;
			productName = FirebaseAnalytics;
		};
		BD0652DE293CE7260017D958 /* FirebaseAnalyticsSwift */ = {
			isa = XCSwiftPackageProductDependency;
			package = BD0652DB293CE7260017D958 /* XCRemoteSwiftPackageReference "firebase-ios-sdk" */;
			productName = FirebaseAnalyticsSwift;
		};
		BD0652E0293CE7260017D958 /* FirebaseAuth */ = {
			isa = XCSwiftPackageProductDependency;
			package = BD0652DB293CE7260017D958 /* XCRemoteSwiftPackageReference "firebase-ios-sdk" */;
			productName = FirebaseAuth;
		};
		BD0652E2293CE7260017D958 /* FirebaseAuthCombine-Community */ = {
			isa = XCSwiftPackageProductDependency;
			package = BD0652DB293CE7260017D958 /* XCRemoteSwiftPackageReference "firebase-ios-sdk" */;
			productName = "FirebaseAuthCombine-Community";
		};
		BD0652E4293CE7260017D958 /* FirebaseCrashlytics */ = {
			isa = XCSwiftPackageProductDependency;
			package = BD0652DB293CE7260017D958 /* XCRemoteSwiftPackageReference "firebase-ios-sdk" */;
			productName = FirebaseCrashlytics;
		};
		BD0652E6293CE7260017D958 /* FirebaseDatabase */ = {
			isa = XCSwiftPackageProductDependency;
			package = BD0652DB293CE7260017D958 /* XCRemoteSwiftPackageReference "firebase-ios-sdk" */;
			productName = FirebaseDatabase;
		};
		BD0652E8293CE7260017D958 /* FirebaseDatabaseSwift */ = {
			isa = XCSwiftPackageProductDependency;
			package = BD0652DB293CE7260017D958 /* XCRemoteSwiftPackageReference "firebase-ios-sdk" */;
			productName = FirebaseDatabaseSwift;
		};
		BD0652EA293CE7260017D958 /* FirebaseFirestore */ = {
			isa = XCSwiftPackageProductDependency;
			package = BD0652DB293CE7260017D958 /* XCRemoteSwiftPackageReference "firebase-ios-sdk" */;
			productName = FirebaseFirestore;
		};
		BD0652EC293CE7260017D958 /* FirebaseFirestoreSwift */ = {
			isa = XCSwiftPackageProductDependency;
			package = BD0652DB293CE7260017D958 /* XCRemoteSwiftPackageReference "firebase-ios-sdk" */;
			productName = FirebaseFirestoreSwift;
		};
		BD0652EE293CE7260017D958 /* FirebaseFunctions */ = {
			isa = XCSwiftPackageProductDependency;
			package = BD0652DB293CE7260017D958 /* XCRemoteSwiftPackageReference "firebase-ios-sdk" */;
			productName = FirebaseFunctions;
		};
		BD0652F0293CE7260017D958 /* FirebaseMLModelDownloader */ = {
			isa = XCSwiftPackageProductDependency;
			package = BD0652DB293CE7260017D958 /* XCRemoteSwiftPackageReference "firebase-ios-sdk" */;
			productName = FirebaseMLModelDownloader;
		};
		BD0652F2293CE7260017D958 /* FirebaseRemoteConfigSwift */ = {
			isa = XCSwiftPackageProductDependency;
			package = BD0652DB293CE7260017D958 /* XCRemoteSwiftPackageReference "firebase-ios-sdk" */;
			productName = FirebaseRemoteConfigSwift;
		};
		BD0652F4293CE7260017D958 /* FirebaseStorage */ = {
			isa = XCSwiftPackageProductDependency;
			package = BD0652DB293CE7260017D958 /* XCRemoteSwiftPackageReference "firebase-ios-sdk" */;
			productName = FirebaseStorage;
		};
/* End XCSwiftPackageProductDependency section */
	};
	rootObject = BD0652A0293B816D0017D958 /* Project object */;
}
